
Microsoft Visual Studio Solution File, Format Version 12.00
# Visual Studio Version 17
VisualStudioVersion = 17.10.34916.146
MinimumVisualStudioVersion = 10.0.40219.1
Project("{FAE04EC0-301F-11D3-BF4B-00C04F79EFBC}") = "TextEditor", "TextEditor.csproj", "{8C96183C-FDD6-4236-A7A6-59BF2C7F5101}"
EndProject
Global
	GlobalSection(SolutionConfigurationPlatforms) = preSolution
		Debug|Any CPU = Debug|Any CPU
		Release|Any CPU = Release|Any CPU
	EndGlobalSection
	GlobalSection(ProjectConfigurationPlatforms) = postSolution
		{8C96183C-FDD6-4236-A7A6-59BF2C7F5101}.Debug|Any CPU.ActiveCfg = Debug|Any CPU
		{8C96183C-FDD6-4236-A7A6-59BF2C7F5101}.Debug|Any CPU.Build.0 = Debug|Any CPU
		{8C96183C-FDD6-4236-A7A6-59BF2C7F5101}.Release|Any CPU.ActiveCfg = Release|Any CPU
		{8C96183C-FDD6-4236-A7A6-59BF2C7F5101}.Release|Any CPU.Build.0 = Release|Any CPU
	EndGlobalSection
	GlobalSection(SolutionProperties) = preSolution
		HideSolutionNode = FALSE
	EndGlobalSection
	GlobalSection(ExtensibilityGlobals) = postSolution
		SolutionGuid = {5BE56054-4AAA-4E13-B6BD-E40AD54E4327}
	EndGlobalSection
EndGlobal
